Microsoft Visual Studio Solution File, Format Version 11.00
# Visual Studio 2008

Project("{FD8B70DC-3F69-5791-AD43-8980B7C281F2}") = "AI-Assignment", "Assembly-CSharp.csproj", "{9E3B81A7-F562-913D-1691-B935BBF22AA2}"
EndProject
Global
	GlobalSection(SolutionConfigurationPlatforms) = preSolution
		Debug|Any CPU = Debug|Any CPU
		Release|Any CPU = Release|Any CPU
	EndGlobalSection
	GlobalSection(ProjectConfigurationPlatforms) = postSolution
		{9E3B81A7-F562-913D-1691-B935BBF22AA2}.Debug|Any CPU.ActiveCfg = Debug|Any CPU
		{9E3B81A7-F562-913D-1691-B935BBF22AA2}.Debug|Any CPU.Build.0 = Debug|Any CPU
		{9E3B81A7-F562-913D-1691-B935BBF22AA2}.Release|Any CPU.ActiveCfg = Release|Any CPU
		{9E3B81A7-F562-913D-1691-B935BBF22AA2}.Release|Any CPU.Build.0 = Release|Any CPU
	EndGlobalSection
	GlobalSection(SolutionProperties) = preSolution
		HideSolutionNode = FALSE
	EndGlobalSection
	GlobalSection(MonoDevelopProperties) = preSolution
		StartupItem = Assembly-CSharp.csproj
	EndGlobalSection
EndGlobal
